
Microsoft Visual Studio Solution File, Format Version 11.00
# Visual Studio 2010
Project("{FAE04EC0-301F-11D3-BF4B-00C04F79EFBC}") = "Assembly-CSharp", "Assembly-CSharp.csproj", "{f177a754-a384-0bf8-cd63-9d94dc79132d}"
EndProject
Project("{FAE04EC0-301F-11D3-BF4B-00C04F79EFBC}") = "Assembly-CSharp-Editor", "Assembly-CSharp-Editor.csproj", "{9fd096f4-9f8b-68c7-ce7c-9221c7671aec}"
EndProject
Global
	GlobalSection(SolutionConfigurationPlatforms) = preSolution
		Debug|Any CPU = Debug|Any CPU
	EndGlobalSection
	GlobalSection(ProjectConfigurationPlatforms) = postSolution
		{f177a754-a384-0bf8-cd63-9d94dc79132d}.Debug|Any CPU.ActiveCfg = Debug|Any CPU
		{f177a754-a384-0bf8-cd63-9d94dc79132d}.Debug|Any CPU.Build.0 = Debug|Any CPU
		{9fd096f4-9f8b-68c7-ce7c-9221c7671aec}.Debug|Any CPU.ActiveCfg = Debug|Any CPU
		{9fd096f4-9f8b-68c7-ce7c-9221c7671aec}.Debug|Any CPU.Build.0 = Debug|Any CPU
	EndGlobalSection
	GlobalSection(SolutionProperties) = preSolution
		HideSolutionNode = FALSE
	EndGlobalSection
EndGlobal
